
Microsoft Visual Studio Solution File, Format Version 12.00
# Visual Studio 2013
VisualStudioVersion = 12.0.21005.1
MinimumVisualStudioVersion = 10.0.40219.1
Project("{FAE04EC0-301F-11D3-BF4B-00C04F79EFBC}") = "The Game", "The Game\The Game.csproj", "{6E4B6928-C834-491F-BB10-1F5FB98900EE}"
EndProject
Project("{2150E333-8FDC-42A3-9474-1A3956D46DE8}") = "Solution Items", "Solution Items", "{F855762F-2CB1-454B-9AD2-0A100EA22ADD}"
	ProjectSection(SolutionItems) = preProject
		The Game\bin\Debug\maps\RainbowGodzilla.xml = The Game\bin\Debug\maps\RainbowGodzilla.xml
	EndProjectSection
EndProject
Project("{2150E333-8FDC-42A3-9474-1A3956D46DE8}") = "SFX", "SFX", "{88D55DCE-7EAD-4716-8587-C9FBCEC2CF90}"
	ProjectSection(SolutionItems) = preProject
		The Game\bin\Debug\Sound Files\GBC_Start.wav = The Game\bin\Debug\Sound Files\GBC_Start.wav
		The Game\bin\Debug\Sound Files\Punch.wav = The Game\bin\Debug\Sound Files\Punch.wav
		The Game\bin\Debug\Sound Files\Swipe.wav = The Game\bin\Debug\Sound Files\Swipe.wav
	EndProjectSection
EndProject
Global
	GlobalSection(TeamFoundationVersionControl) = preSolution
		SccNumberOfProjects = 2
		SccEnterpriseProvider = {4CA58AB2-18FA-4F8D-95D4-32DDF27D184C}
		SccTeamFoundationServer = https://aidsmidget.visualstudio.com/defaultcollection
		SccLocalPath0 = .
		SccProjectUniqueName1 = The\u0020Game\\The\u0020Game.csproj
		SccProjectName1 = The\u0020Game
		SccLocalPath1 = The\u0020Game
	EndGlobalSection
	GlobalSection(SolutionConfigurationPlatforms) = preSolution
		Debug|Any CPU = Debug|Any CPU
		Release|Any CPU = Release|Any CPU
	EndGlobalSection
	GlobalSection(ProjectConfigurationPlatforms) = postSolution
		{6E4B6928-C834-491F-BB10-1F5FB98900EE}.Debug|Any CPU.ActiveCfg = Debug|Any CPU
		{6E4B6928-C834-491F-BB10-1F5FB98900EE}.Debug|Any CPU.Build.0 = Debug|Any CPU
		{6E4B6928-C834-491F-BB10-1F5FB98900EE}.Release|Any CPU.ActiveCfg = Release|Any CPU
		{6E4B6928-C834-491F-BB10-1F5FB98900EE}.Release|Any CPU.Build.0 = Release|Any CPU
	EndGlobalSection
	GlobalSection(SolutionProperties) = preSolution
		HideSolutionNode = FALSE
	EndGlobalSection
	GlobalSection(NestedProjects) = preSolution
		{88D55DCE-7EAD-4716-8587-C9FBCEC2CF90} = {F855762F-2CB1-454B-9AD2-0A100EA22ADD}
	EndGlobalSection
	GlobalSection(Performance) = preSolution
		HasPerformanceSessions = true
	EndGlobalSection
EndGlobal
